{
  "name": "nocobase",
  "version": "1.0.8",
  "lockfileVersion": 3,
  "requires": true,
  "packages": {
    "": {
      "name": "nocobase",
      "version": "1.0.8",
      "dependencies": {
        "@nocobase/server": "0.9.0"
      }
    },
    "node_modules/@nocobase/server": {
      "version": "0.9.0",
      "resolved": "https://registry.npmjs.org/@nocobase/server/-/server-0.9.0.tgz",
      "integrity": "sha512-..."  // Conteúdo gerado automaticamente
    }
  }
}
