{
  "name": "nocobase",
  "version": "1.0.0",
  "lockfileVersion": 3,
  "requires": true,
  "packages": {
    "": {
      "name": "nocobase",
      "version": "1.0.0",
      "dependencies": {
        "@nocobase/server": "0.x",
        "@nocobase/cli": "0.x",
        "@nocobase/test": "0.x"
      }
    },
    "node_modules/@nocobase/server": {
      "version": "0.21.0",  // Use a versão mais recente da série 0.x (confirme no npm ou Docker Hub)
      "resolved": "https://registry.npmjs.org/@nocobase/server/-/server-0.21.0.tgz",
      "integrity": "sha512-..."  // Substitua pelo hash correto da versão 0.21.0 (pode ser deixado temporariamente)
    },
    "node_modules/@nocobase/cli": {
      "version": "0.21.0",  // Alinhe com @nocobase/server
      "resolved": "https://registry.npmjs.org/@nocobase/cli/-/cli-0.21.0.tgz",
      "integrity": "sha512-..."
    },
    "node_modules/@nocobase/test": {
      "version": "0.21.0",  // Versão compatível da série 0.x
      "resolved": "https://registry.npmjs.org/@nocobase/test/-/test-0.21.0.tgz",
      "integrity": "sha512-..."
    }
  }
}
