{
"name": "nocobase",
"version": "1.0.0",
"lockfileVersion": 3,
"requires": true,
"packages": {
"": {
"name": "nocobase",
"version": "1.0.0",
"dependencies": {
"@nocobase/server": "1.8.24",
"@nocobase/cli": "1.8.24",
"@nocobase/test": "1.8.24"
}
},
"node_modules/@nocobase/server": {
"version": "1.8.24",
"resolved": "https://registry.npmjs.org/@nocobase/server/-/server-1.8.24.tgz",
"integrity": "sha512-FDSOghenHTiToteC/QRlv2q3DhPZ/oOXTBoirfWNx1Cx3TMVcGWQtMMmQcSvb/JjpNeGzx8Pq/b4fKEJuWm1sw=="
},
"node_modules/@nocobase/cli": {
"version": "1.8.24",
"resolved": "https://registry.npmjs.org/@nocobase/cli/-/cli-1.8.24.tgz",
"integrity": "sha512-caHy++CsD8Bgq2V5CodbJjFPEiDPq8JJmB8d+9d8wIDgT+ty6AOe0dwueMrGh/iQ=="
},
"node_modules/@nocobase/test": {
"version": "1.8.24",
"resolved": "https://registry.npmjs.org/@nocobase/test/-/test-1.8.24.tgz",
"integrity": "sha512-n+na807b2Mr/+WVRtfjpqKuNw11cLiaWpAT/Uu+nokB+UJnevzy/P9C/ty6AOe0dwueMrGh/iQ=="
}
}
}
